
Microsoft Visual Studio Solution File, Format Version 12.00
# Visual Studio Version 16
VisualStudioVersion = 16.0.31424.327
MinimumVisualStudioVersion = 10.0.40219.1
Project("{FAE04EC0-301F-11D3-BF4B-00C04F79EFBC}") = "Pictures", "Pictures\Pictures.csproj", "{328FFBCE-8406-4068-8902-03914E0D4F04}"
EndProject
Global
	GlobalSection(SolutionConfigurationPlatforms) = preSolution
		Debug|Any CPU = Debug|Any CPU
		Release|Any CPU = Release|Any CPU
	EndGlobalSection
	GlobalSection(ProjectConfigurationPlatforms) = postSolution
		{328FFBCE-8406-4068-8902-03914E0D4F04}.Debug|Any CPU.ActiveCfg = Debug|Any CPU
		{328FFBCE-8406-4068-8902-03914E0D4F04}.Debug|Any CPU.Build.0 = Debug|Any CPU
		{328FFBCE-8406-4068-8902-03914E0D4F04}.Release|Any CPU.ActiveCfg = Release|Any CPU
		{328FFBCE-8406-4068-8902-03914E0D4F04}.Release|Any CPU.Build.0 = Release|Any CPU
	EndGlobalSection
	GlobalSection(SolutionProperties) = preSolution
		HideSolutionNode = FALSE
	EndGlobalSection
	GlobalSection(ExtensibilityGlobals) = postSolution
		SolutionGuid = {053F31C8-648B-4945-813C-9B6F818F4DCD}
	EndGlobalSection
EndGlobal
